
Microsoft Visual Studio Solution File, Format Version 12.00
# Visual Studio Version 16
VisualStudioVersion = 16.0.31205.134
MinimumVisualStudioVersion = 10.0.40219.1
Project("{FAE04EC0-301F-11D3-BF4B-00C04F79EFBC}") = "Apteka-klient", "Apteka-klient\Apteka-klient.csproj", "{06FEDB18-413A-4F7D-A7B5-0999E2936D01}"
EndProject
Global
	GlobalSection(SolutionConfigurationPlatforms) = preSolution
		Debug|Any CPU = Debug|Any CPU
		Release|Any CPU = Release|Any CPU
	EndGlobalSection
	GlobalSection(ProjectConfigurationPlatforms) = postSolution
		{06FEDB18-413A-4F7D-A7B5-0999E2936D01}.Debug|Any CPU.ActiveCfg = Debug|Any CPU
		{06FEDB18-413A-4F7D-A7B5-0999E2936D01}.Debug|Any CPU.Build.0 = Debug|Any CPU
		{06FEDB18-413A-4F7D-A7B5-0999E2936D01}.Release|Any CPU.ActiveCfg = Release|Any CPU
		{06FEDB18-413A-4F7D-A7B5-0999E2936D01}.Release|Any CPU.Build.0 = Release|Any CPU
	EndGlobalSection
	GlobalSection(SolutionProperties) = preSolution
		HideSolutionNode = FALSE
	EndGlobalSection
	GlobalSection(ExtensibilityGlobals) = postSolution
		SolutionGuid = {646BB55F-0A12-4FBB-9EF6-A09DC206433A}
	EndGlobalSection
EndGlobal
